
Microsoft Visual Studio Solution File, Format Version 12.00
# Visual Studio 2013
Project("{FAE04EC0-301F-11D3-BF4B-00C04F79EFBC}") = "UnityVS.sql.CSharp", "UnityVS.sql.CSharp.csproj", "{203FE4D6-1C2F-E285-96B9-3F1C6FEAF8DF}"
EndProject
Project("{FAE04EC0-301F-11D3-BF4B-00C04F79EFBC}") = "UnityVS.sql.CSharp.Editor", "UnityVS.sql.CSharp.Editor.csproj", "{684B1A2A-841B-198B-7FC7-B93D35C22BAE}"
EndProject
Global
	GlobalSection(SolutionConfigurationPlatforms) = preSolution
		Debug|Any CPU = Debug|Any CPU
		Release|Any CPU = Release|Any CPU
	EndGlobalSection
	GlobalSection(ProjectConfigurationPlatforms) = postSolution
		{203FE4D6-1C2F-E285-96B9-3F1C6FEAF8DF}.Debug|Any CPU.ActiveCfg = Debug|Any CPU
		{203FE4D6-1C2F-E285-96B9-3F1C6FEAF8DF}.Debug|Any CPU.Build.0 = Debug|Any CPU
		{203FE4D6-1C2F-E285-96B9-3F1C6FEAF8DF}.Release|Any CPU.ActiveCfg = Release|Any CPU
		{203FE4D6-1C2F-E285-96B9-3F1C6FEAF8DF}.Release|Any CPU.Build.0 = Release|Any CPU
		{684B1A2A-841B-198B-7FC7-B93D35C22BAE}.Debug|Any CPU.ActiveCfg = Debug|Any CPU
		{684B1A2A-841B-198B-7FC7-B93D35C22BAE}.Debug|Any CPU.Build.0 = Debug|Any CPU
		{684B1A2A-841B-198B-7FC7-B93D35C22BAE}.Release|Any CPU.ActiveCfg = Release|Any CPU
		{684B1A2A-841B-198B-7FC7-B93D35C22BAE}.Release|Any CPU.Build.0 = Release|Any CPU
	EndGlobalSection
	GlobalSection(SolutionProperties) = preSolution
		HideSolutionNode = FALSE
	EndGlobalSection
EndGlobal
